// !$*UTF8*$!
{
	archiveVersion = 1;
	classes = {
	};
	objectVersion = 50;
	objects = {

/* Begin PBXBuildFile section */
		E451567A21D624DB0018F92F /* AppDelegate.swift in Sources */ = {isa = PBXBuildFile; fileRef = E451567921D624DB0018F92F /* AppDelegate.swift */; };
		E451567C21D624DB0018F92F /* ViewController.swift in Sources */ = {isa = PBXBuildFile; fileRef = E451567B21D624DB0018F92F /* ViewController.swift */; };
		E451567F21D624DB0018F92F /* Main.storyboard in Resources */ = {isa = PBXBuildFile; fileRef = E451567D21D624DB0018F92F /* Main.storyboard */; };
		E451568121D624DC0018F92F /* Assets.xcassets in Resources */ = {isa = PBXBuildFile; fileRef = E451568021D624DC0018F92F /* Assets.xcassets */; };
		E451568421D624DC0018F92F /* LaunchScreen.storyboard in Resources */ = {isa = PBXBuildFile; fileRef = E451568221D624DC0018F92F /* LaunchScreen.storyboard */; };
		E451568D21D71F9D0018F92F /* RadialGradientLayer.swift in Sources */ = {isa = PBXBuildFile; fileRef = E451568C21D71F9D0018F92F /* RadialGradientLayer.swift */; };
		E451569121D721D70018F92F /* RadialGradientView.m in Sources */ = {isa = PBXBuildFile; fileRef = E451569021D721D70018F92F /* RadialGradientView.m */; };
/* End PBXBuildFile section */

/* Begin PBXFileReference section */
		E451567621D624DB0018F92F /* MaskViewDemo.app */ = {isa = PBXFileReference; explicitFileType = wrapper.application; includeInIndex = 0; path = MaskViewDemo.app; sourceTree = BUILT_PRODUCTS_DIR; };
		E451567921D624DB0018F92F /* AppDelegate.swift */ = {isa = PBXFileReference; lastKnownFileType = sourcecode.swift; path = AppDelegate.swift; sourceTree = "<group>"; };
		E451567B21D624DB0018F92F /* ViewController.swift */ = {isa = PBXFileReference; lastKnownFileType = sourcecode.swift; path = ViewController.swift; sourceTree = "<group>"; };
		E451567E21D624DB0018F92F /* Base */ = {isa = PBXFileReference; lastKnownFileType = file.storyboard; name = Base; path = Base.lproj/Main.storyboard; sourceTree = "<group>"; };
		E451568021D624DC0018F92F /* Assets.xcassets */ = {isa = PBXFileReference; lastKnownFileType = folder.assetcatalog; path = Assets.xcassets; sourceTree = "<group>"; };
		E451568321D624DC0018F92F /* Base */ = {isa = PBXFileReference; lastKnownFileType = file.storyboard; name = Base; path = Base.lproj/LaunchScreen.storyboard; sourceTree = "<group>"; };
		E451568521D624DC0018F92F /* Info.plist */ = {isa = PBXFileReference; lastKnownFileType = text.plist.xml; path = Info.plist; sourceTree = "<group>"; };
		E451568C21D71F9D0018F92F /* RadialGradientLayer.swift */ = {isa = PBXFileReference; lastKnownFileType = sourcecode.swift; path = RadialGradientLayer.swift; sourceTree = "<group>"; };
		E451568E21D721D70018F92F /* MaskViewDemo-Bridging-Header.h */ = {isa = PBXFileReference; lastKnownFileType = sourcecode.c.h; path = "MaskViewDemo-Bridging-Header.h"; sourceTree = "<group>"; };
		E451568F21D721D70018F92F /* RadialGradientView.h */ = {isa = PBXFileReference; lastKnownFileType = sourcecode.c.h; path = RadialGradientView.h; sourceTree = "<group>"; };
		E451569021D721D70018F92F /* RadialGradientView.m */ = {isa = PBXFileReference; lastKnownFileType = sourcecode.c.objc; path = RadialGradientView.m; sourceTree = "<group>"; };
/* End PBXFileReference section */

/* Begin PBXFrameworksBuildPhase section */
		E451567321D624DB0018F92F /* Frameworks */ = {
			isa = PBXFrameworksBuildPhase;
			buildActionMask = 2147483647;
			files = (
			);
			runOnlyForDeploymentPostprocessing = 0;
		};
/* End PBXFrameworksBuildPhase section */

/* Begin PBXGroup section */
		E451566D21D624DA0018F92F = {
			isa = PBXGroup;
			children = (
				E451567821D624DB0018F92F /* MaskViewDemo */,
				E451567721D624DB0018F92F /* Products */,
			);
			sourceTree = "<group>";
		};
		E451567721D624DB0018F92F /* Products */ = {
			isa = PBXGroup;
			children = (
				E451567621D624DB0018F92F /* MaskViewDemo.app */,
			);
			name = Products;
			sourceTree = "<group>";
		};
		E451567821D624DB0018F92F /* MaskViewDemo */ = {
			isa = PBXGroup;
			children = (
				E451567921D624DB0018F92F /* AppDelegate.swift */,
				E451567B21D624DB0018F92F /* ViewController.swift */,
				E451568C21D71F9D0018F92F /* RadialGradientLayer.swift */,
				E451568F21D721D70018F92F /* RadialGradientView.h */,
				E451569021D721D70018F92F /* RadialGradientView.m */,
				E451567D21D624DB0018F92F /* Main.storyboard */,
				E451568021D624DC0018F92F /* Assets.xcassets */,
				E451568221D624DC0018F92F /* LaunchScreen.storyboard */,
				E451568521D624DC0018F92F /* Info.plist */,
				E451568E21D721D70018F92F /* MaskViewDemo-Bridging-Header.h */,
			);
			path = MaskViewDemo;
			sourceTree = "<group>";
		};
/* End PBXGroup section */

/* Begin PBXNativeTarget section */
		E451567521D624DB0018F92F /* MaskViewDemo */ = {
			isa = PBXNativeTarget;
			buildConfigurationList = E451568821D624DC0018F92F /* Build configuration list for PBXNativeTarget "MaskViewDemo" */;
			buildPhases = (
				E451567221D624DB0018F92F /* Sources */,
				E451567321D624DB0018F92F /* Frameworks */,
				E451567421D624DB0018F92F /* Resources */,
			);
			buildRules = (
			);
			dependencies = (
			);
			name = MaskViewDemo;
			productName = MaskViewDemo;
			productReference = E451567621D624DB0018F92F /* MaskViewDemo.app */;
			productType = "com.apple.product-type.application";
		};
/* End PBXNativeTarget section */

/* Begin PBXProject section */
		E451566E21D624DA0018F92F /* Project object */ = {
			isa = PBXProject;
			attributes = {
				LastSwiftUpdateCheck = 1010;
				LastUpgradeCheck = 1010;
				ORGANIZATIONNAME = Quinn;
				TargetAttributes = {
					E451567521D624DB0018F92F = {
						CreatedOnToolsVersion = 10.1;
						LastSwiftMigration = 1010;
					};
				};
			};
			buildConfigurationList = E451567121D624DA0018F92F /* Build configuration list for PBXProject "MaskViewDemo" */;
			compatibilityVersion = "Xcode 9.3";
			developmentRegion = en;
			hasScannedForEncodings = 0;
			knownRegions = (
				en,
				Base,
			);
			mainGroup = E451566D21D624DA0018F92F;
			productRefGroup = E451567721D624DB0018F92F /* Products */;
			projectDirPath = "";
			projectRoot = "";
			targets = (
				E451567521D624DB0018F92F /* MaskViewDemo */,
			);
		};
/* End PBXProject section */

/* Begin PBXResourcesBuildPhase section */
		E451567421D624DB0018F92F /* Resources */ = {
			isa = PBXResourcesBuildPhase;
			buildActionMask = 2147483647;
			files = (
				E451568421D624DC0018F92F /* LaunchScreen.storyboard in Resources */,
				E451568121D624DC0018F92F /* Assets.xcassets in Resources */,
				E451567F21D624DB0018F92F /* Main.storyboard in Resources */,
			);
			runOnlyForDeploymentPostprocessing = 0;
		};
/* End PBXResourcesBuildPhase section */

/* Begin PBXSourcesBuildPhase section */
		E451567221D624DB0018F92F /* Sources */ = {
			isa = PBXSourcesBuildPhase;
			buildActionMask = 2147483647;
			files = (
				E451567C21D624DB0018F92F /* ViewController.swift in Sources */,
				E451569121D721D70018F92F /* RadialGradientView.m in Sources */,
				E451568D21D71F9D0018F92F /* RadialGradientLayer.swift in Sources */,
				E451567A21D624DB0018F92F /* AppDelegate.swift in Sources */,
			);
			runOnlyForDeploymentPostprocessing = 0;
		};
/* End PBXSourcesBuildPhase section */

/* Begin PBXVariantGroup section */
		E451567D21D624DB0018F92F /* Main.storyboard */ = {
			isa = PBXVariantGroup;
			children = (
				E451567E21D624DB0018F92F /* Base */,
			);
			name = Main.storyboard;
			sourceTree = "<group>";
		};
		E451568221D624DC0018F92F /* LaunchScreen.storyboard */ = {
			isa = PBXVariantGroup;
			children = (
				E451568321D624DC0018F92F /* Base */,
			);
			name = LaunchScreen.storyboard;
			sourceTree = "<group>";
		};
/* End PBXVariantGroup section */

/* Begin XCBuildConfiguration section */
		E451568621D624DC0018F92F /* Debug */ = {
			isa = XCBuildConfiguration;
			buildSettings = {
				ALWAYS_SEARCH_USER_PATHS = NO;
				CLANG_ANALYZER_NONNULL = YES;
				CLANG_ANALYZER_NUMBER_OBJECT_CONVERSION = YES_AGGRESSIVE;
				CLANG_CXX_LANGUAGE_STANDARD = "gnu++14";
				CLANG_CXX_LIBRARY = "libc++";
				CLANG_ENABLE_MODULES = YES;
				CLANG_ENABLE_OBJC_ARC = YES;
				CLANG_ENABLE_OBJC_WEAK = YES;
				CLANG_WARN_BLOCK_CAPTURE_AUTORELEASING = YES;
				CLANG_WARN_BOOL_CONVERSION = YES;
				CLANG_WARN_COMMA = YES;
				CLANG_WARN_CONSTANT_CONVERSION = YES;
				CLANG_WARN_DEPRECATED_OBJC_IMPLEMENTATIONS = YES;
				CLANG_WARN_DIRECT_OBJC_ISA_USAGE = YES_ERROR;
				CLANG_WARN_DOCUMENTATION_COMMENTS = YES;
				CLANG_WARN_EMPTY_BODY = YES;
				CLANG_WARN_ENUM_CONVERSION = YES;
				CLANG_WARN_INFINITE_RECURSION = YES;
				CLANG_WARN_INT_CONVERSION = YES;
				CLANG_WARN_NON_LITERAL_NULL_CONVERSION = YES;
				CLANG_WARN_OBJC_IMPLICIT_RETAIN_SELF = YES;
				CLANG_WARN_OBJC_LITERAL_CONVERSION = YES;
				CLANG_WARN_OBJC_ROOT_CLASS = YES_ERROR;
				CLANG_WARN_RANGE_LOOP_ANALYSIS = YES;
				CLANG_WARN_STRICT_PROTOTYPES = YES;
				CLANG_WARN_SUSPICIOUS_MOVE = YES;
				CLANG_WARN_UNGUARDED_AVAILABILITY = YES_AGGRESSIVE;
				CLANG_WARN_UNREACHABLE_CODE = YES;
				CLANG_WARN__DUPLICATE_METHOD_MATCH = YES;
				CODE_SIGN_IDENTITY = "iPhone Developer";
				COPY_PHASE_STRIP = NO;
				DEBUG_INFORMATION_FORMAT = dwarf;
				ENABLE_STRICT_OBJC_MSGSEND = YES;
				ENABLE_TESTABILITY = YES;
				GCC_C_LANGUAGE_STANDARD = gnu11;
				GCC_DYNAMIC_NO_PIC = NO;
				GCC_NO_COMMON_BLOCKS = YES;
				GCC_OPTIMIZATION_LEVEL = 0;
				GCC_PREPROCESSOR_DEFINITIONS = (
					"DEBUG=1",
					"$(inherited)",
				);
				GCC_WARN_64_TO_32_BIT_CONVERSION = YES;
				GCC_WARN_ABOUT_RETURN_TYPE = YES_ERROR;
				GCC_WARN_UNDECLARED_SELECTOR = YES;
				GCC_WARN_UNINITIALIZED_AUTOS = YES_AGGRESSIVE;
				GCC_WARN_UNUSED_FUNCTION = YES;
				GCC_WARN_UNUSED_VARIABLE = YES;
				IPHONEOS_DEPLOYMENT_TARGET = 12.1;
				MTL_ENABLE_DEBUG_INFO = INCLUDE_SOURCE;
				MTL_FAST_MATH = YES;
				ONLY_ACTIVE_ARCH = YES;
				SDKROOT = iphoneos;
				SWIFT_ACTIVE_COMPILATION_CONDITIONS = DEBUG;
				SWIFT_OPTIMIZATION_LEVEL = "-Onone";
			};
			name = Debug;
		};
		E451568721D624DC0018F92F /* Release */ = {
			isa = XCBuildConfiguration;
			buildSettings = {
				ALWAYS_SEARCH_USER_PATHS = NO;
				CLANG_ANALYZER_NONNULL = YES;
				CLANG_ANALYZER_NUMBER_OBJECT_CONVERSION = YES_AGGRESSIVE;
				CLANG_CXX_LANGUAGE_STANDARD = "gnu++14";
				CLANG_CXX_LIBRARY = "libc++";
				CLANG_ENABLE_MODULES = YES;
				CLANG_ENABLE_OBJC_ARC = YES;
				CLANG_ENABLE_OBJC_WEAK = YES;
				CLANG_WARN_BLOCK_CAPTURE_AUTORELEASING = YES;
				CLANG_WARN_BOOL_CONVERSION = YES;
				CLANG_WARN_COMMA = YES;
				CLANG_WARN_CONSTANT_CONVERSION = YES;
				CLANG_WARN_DEPRECATED_OBJC_IMPLEMENTATIONS = YES;
				CLANG_WARN_DIRECT_OBJC_ISA_USAGE = YES_ERROR;
				CLANG_WARN_DOCUMENTATION_COMMENTS = YES;
				CLANG_WARN_EMPTY_BODY = YES;
				CLANG_WARN_ENUM_CONVERSION = YES;
				CLANG_WARN_INFINITE_RECURSION = YES;
				CLANG_WARN_INT_CONVERSION = YES;
				CLANG_WARN_NON_LITERAL_NULL_CONVERSION = YES;
				CLANG_WARN_OBJC_IMPLICIT_RETAIN_SELF = YES;
				CLANG_WARN_OBJC_LITERAL_CONVERSION = YES;
				CLANG_WARN_OBJC_ROOT_CLASS = YES_ERROR;
				CLANG_WARN_RANGE_LOOP_ANALYSIS = YES;
				CLANG_WARN_STRICT_PROTOTYPES = YES;
				CLANG_WARN_SUSPICIOUS_MOVE = YES;
				CLANG_WARN_UNGUARDED_AVAILABILITY = YES_AGGRESSIVE;
				CLANG_WARN_UNREACHABLE_CODE = YES;
				CLANG_WARN__DUPLICATE_METHOD_MATCH = YES;
				CODE_SIGN_IDENTITY = "iPhone Developer";
				COPY_PHASE_STRIP = NO;
				DEBUG_INFORMATION_FORMAT = "dwarf-with-dsym";
				ENABLE_NS_ASSERTIONS = NO;
				ENABLE_STRICT_OBJC_MSGSEND = YES;
				GCC_C_LANGUAGE_STANDARD = gnu11;
				GCC_NO_COMMON_BLOCKS = YES;
				GCC_WARN_64_TO_32_BIT_CONVERSION = YES;
				GCC_WARN_ABOUT_RETURN_TYPE = YES_ERROR;
				GCC_WARN_UNDECLARED_SELECTOR = YES;
				GCC_WARN_UNINITIALIZED_AUTOS = YES_AGGRESSIVE;
				GCC_WARN_UNUSED_FUNCTION = YES;
				GCC_WARN_UNUSED_VARIABLE = YES;
				IPHONEOS_DEPLOYMENT_TARGET = 12.1;
				MTL_ENABLE_DEBUG_INFO = NO;
				MTL_FAST_MATH = YES;
				SDKROOT = iphoneos;
				SWIFT_COMPILATION_MODE = wholemodule;
				SWIFT_OPTIMIZATION_LEVEL = "-O";
				VALIDATE_PRODUCT = YES;
			};
			name = Release;
		};
		E451568921D624DC0018F92F /* Debug */ = {
			isa = XCBuildConfiguration;
			buildSettings = {
				ASSETCATALOG_COMPILER_APPICON_NAME = AppIcon;
				CLANG_ENABLE_MODULES = YES;
				CODE_SIGN_STYLE = Automatic;
				DEVELOPMENT_TEAM = YL49D2HU6K;
				INFOPLIST_FILE = MaskViewDemo/Info.plist;
				LD_RUNPATH_SEARCH_PATHS = (
					"$(inherited)",
					"@executable_path/Frameworks",
				);
				PRODUCT_BUNDLE_IDENTIFIER = com.quinn.image.MaskViewDemo;
				PRODUCT_NAME = "$(TARGET_NAME)";
				SWIFT_OBJC_BRIDGING_HEADER = "MaskViewDemo/MaskViewDemo-Bridging-Header.h";
				SWIFT_OPTIMIZATION_LEVEL = "-Onone";
				SWIFT_VERSION = 4.2;
				TARGETED_DEVICE_FAMILY = "1,2";
			};
			name = Debug;
		};
		E451568A21D624DC0018F92F /* Release */ = {
			isa = XCBuildConfiguration;
			buildSettings = {
				ASSETCATALOG_COMPILER_APPICON_NAME = AppIcon;
				CLANG_ENABLE_MODULES = YES;
				CODE_SIGN_STYLE = Automatic;
				DEVELOPMENT_TEAM = YL49D2HU6K;
				INFOPLIST_FILE = MaskViewDemo/Info.plist;
				LD_RUNPATH_SEARCH_PATHS = (
					"$(inherited)",
					"@executable_path/Frameworks",
				);
				PRODUCT_BUNDLE_IDENTIFIER = com.quinn.image.MaskViewDemo;
				PRODUCT_NAME = "$(TARGET_NAME)";
				SWIFT_OBJC_BRIDGING_HEADER = "MaskViewDemo/MaskViewDemo-Bridging-Header.h";
				SWIFT_VERSION = 4.2;
				TARGETED_DEVICE_FAMILY = "1,2";
			};
			name = Release;
		};
/* End XCBuildConfiguration section */

/* Begin XCConfigurationList section */
		E451567121D624DA0018F92F /* Build configuration list for PBXProject "MaskViewDemo" */ = {
			isa = XCConfigurationList;
			buildConfigurations = (
				E451568621D624DC0018F92F /* Debug */,
				E451568721D624DC0018F92F /* Release */,
			);
			defaultConfigurationIsVisible = 0;
			defaultConfigurationName = Release;
		};
		E451568821D624DC0018F92F /* Build configuration list for PBXNativeTarget "MaskViewDemo" */ = {
			isa = XCConfigurationList;
			buildConfigurations = (
				E451568921D624DC0018F92F /* Debug */,
				E451568A21D624DC0018F92F /* Release */,
			);
			defaultConfigurationIsVisible = 0;
			defaultConfigurationName = Release;
		};
/* End XCConfigurationList section */
	};
	rootObject = E451566E21D624DA0018F92F /* Project object */;
}
