// !$*UTF8*$!
{
	archiveVersion = 1;
	classes = {
	};
	objectVersion = 50;
	objects = {

/* Begin PBXBuildFile section */
		9D472CE1D06F331A03C64474 /* Pods_RxDemo.framework in Frameworks */ = {isa = PBXBuildFile; fileRef = C84A0AE19B203FCE80BB10EB /* Pods_RxDemo.framework */; };
		E4C066A721C24C3900168568 /* AppDelegate.swift in Sources */ = {isa = PBXBuildFile; fileRef = E4C066A621C24C3900168568 /* AppDelegate.swift */; };
		E4C066A921C24C3900168568 /* ViewController.swift in Sources */ = {isa = PBXBuildFile; fileRef = E4C066A821C24C3900168568 /* ViewController.swift */; };
		E4C066AC21C24C3900168568 /* Main.storyboard in Resources */ = {isa = PBXBuildFile; fileRef = E4C066AA21C24C3900168568 /* Main.storyboard */; };
		E4C066AE21C24C3A00168568 /* Assets.xcassets in Resources */ = {isa = PBXBuildFile; fileRef = E4C066AD21C24C3A00168568 /* Assets.xcassets */; };
		E4C066B121C24C3A00168568 /* LaunchScreen.storyboard in Resources */ = {isa = PBXBuildFile; fileRef = E4C066AF21C24C3A00168568 /* LaunchScreen.storyboard */; };
		E4C066BA21C24CEC00168568 /* Music.swift in Sources */ = {isa = PBXBuildFile; fileRef = E4C066B921C24CEC00168568 /* Music.swift */; };
		E4C066BC21C24E1500168568 /* MusicViewController.swift in Sources */ = {isa = PBXBuildFile; fileRef = E4C066BB21C24E1500168568 /* MusicViewController.swift */; };
		E4C066BE21C28C2500168568 /* ObservableTestViewController.swift in Sources */ = {isa = PBXBuildFile; fileRef = E4C066BD21C28C2500168568 /* ObservableTestViewController.swift */; };
		E4C066C021C348C900168568 /* ObserverTestViewController.swift in Sources */ = {isa = PBXBuildFile; fileRef = E4C066BF21C348C900168568 /* ObserverTestViewController.swift */; };
		E4C066C721C37EB500168568 /* CustomObserverViewController.swift in Sources */ = {isa = PBXBuildFile; fileRef = E4C066C621C37EB500168568 /* CustomObserverViewController.swift */; };
		E4C066D421C38ED700168568 /* SubjectsTestViewController.swift in Sources */ = {isa = PBXBuildFile; fileRef = E4C066D321C38ED700168568 /* SubjectsTestViewController.swift */; };
/* End PBXBuildFile section */

/* Begin PBXFileReference section */
		3C1E6F41AD021F0B9262E378 /* Pods-RxDemo.debug.xcconfig */ = {isa = PBXFileReference; includeInIndex = 1; lastKnownFileType = text.xcconfig; name = "Pods-RxDemo.debug.xcconfig"; path = "Pods/Target Support Files/Pods-RxDemo/Pods-RxDemo.debug.xcconfig"; sourceTree = "<group>"; };
		B7C7DCA95F5235CA8C28DEC4 /* Pods-RxDemo.release.xcconfig */ = {isa = PBXFileReference; includeInIndex = 1; lastKnownFileType = text.xcconfig; name = "Pods-RxDemo.release.xcconfig"; path = "Pods/Target Support Files/Pods-RxDemo/Pods-RxDemo.release.xcconfig"; sourceTree = "<group>"; };
		C84A0AE19B203FCE80BB10EB /* Pods_RxDemo.framework */ = {isa = PBXFileReference; explicitFileType = wrapper.framework; includeInIndex = 0; path = Pods_RxDemo.framework; sourceTree = BUILT_PRODUCTS_DIR; };
		E4C066A321C24C3900168568 /* RxDemo.app */ = {isa = PBXFileReference; explicitFileType = wrapper.application; includeInIndex = 0; path = RxDemo.app; sourceTree = BUILT_PRODUCTS_DIR; };
		E4C066A621C24C3900168568 /* AppDelegate.swift */ = {isa = PBXFileReference; lastKnownFileType = sourcecode.swift; path = AppDelegate.swift; sourceTree = "<group>"; };
		E4C066A821C24C3900168568 /* ViewController.swift */ = {isa = PBXFileReference; lastKnownFileType = sourcecode.swift; path = ViewController.swift; sourceTree = "<group>"; };
		E4C066AB21C24C3900168568 /* Base */ = {isa = PBXFileReference; lastKnownFileType = file.storyboard; name = Base; path = Base.lproj/Main.storyboard; sourceTree = "<group>"; };
		E4C066AD21C24C3A00168568 /* Assets.xcassets */ = {isa = PBXFileReference; lastKnownFileType = folder.assetcatalog; path = Assets.xcassets; sourceTree = "<group>"; };
		E4C066B021C24C3A00168568 /* Base */ = {isa = PBXFileReference; lastKnownFileType = file.storyboard; name = Base; path = Base.lproj/LaunchScreen.storyboard; sourceTree = "<group>"; };
		E4C066B221C24C3A00168568 /* Info.plist */ = {isa = PBXFileReference; lastKnownFileType = text.plist.xml; path = Info.plist; sourceTree = "<group>"; };
		E4C066B921C24CEC00168568 /* Music.swift */ = {isa = PBXFileReference; lastKnownFileType = sourcecode.swift; path = Music.swift; sourceTree = "<group>"; };
		E4C066BB21C24E1500168568 /* MusicViewController.swift */ = {isa = PBXFileReference; lastKnownFileType = sourcecode.swift; path = MusicViewController.swift; sourceTree = "<group>"; };
		E4C066BD21C28C2500168568 /* ObservableTestViewController.swift */ = {isa = PBXFileReference; lastKnownFileType = sourcecode.swift; path = ObservableTestViewController.swift; sourceTree = "<group>"; };
		E4C066BF21C348C900168568 /* ObserverTestViewController.swift */ = {isa = PBXFileReference; lastKnownFileType = sourcecode.swift; path = ObserverTestViewController.swift; sourceTree = "<group>"; };
		E4C066C621C37EB500168568 /* CustomObserverViewController.swift */ = {isa = PBXFileReference; lastKnownFileType = sourcecode.swift; path = CustomObserverViewController.swift; sourceTree = "<group>"; };
		E4C066D321C38ED700168568 /* SubjectsTestViewController.swift */ = {isa = PBXFileReference; lastKnownFileType = sourcecode.swift; path = SubjectsTestViewController.swift; sourceTree = "<group>"; };
/* End PBXFileReference section */

/* Begin PBXFrameworksBuildPhase section */
		E4C066A021C24C3900168568 /* Frameworks */ = {
			isa = PBXFrameworksBuildPhase;
			buildActionMask = 2147483647;
			files = (
				9D472CE1D06F331A03C64474 /* Pods_RxDemo.framework in Frameworks */,
			);
			runOnlyForDeploymentPostprocessing = 0;
		};
/* End PBXFrameworksBuildPhase section */

/* Begin PBXGroup section */
		6FA6C385269389DF8160ACDB /* Frameworks */ = {
			isa = PBXGroup;
			children = (
				C84A0AE19B203FCE80BB10EB /* Pods_RxDemo.framework */,
			);
			name = Frameworks;
			sourceTree = "<group>";
		};
		C614E9332B6C2B3434F8617B /* Pods */ = {
			isa = PBXGroup;
			children = (
				3C1E6F41AD021F0B9262E378 /* Pods-RxDemo.debug.xcconfig */,
				B7C7DCA95F5235CA8C28DEC4 /* Pods-RxDemo.release.xcconfig */,
			);
			name = Pods;
			sourceTree = "<group>";
		};
		E4C0669A21C24C3900168568 = {
			isa = PBXGroup;
			children = (
				E4C066A521C24C3900168568 /* RxDemo */,
				E4C066A421C24C3900168568 /* Products */,
				C614E9332B6C2B3434F8617B /* Pods */,
				6FA6C385269389DF8160ACDB /* Frameworks */,
			);
			sourceTree = "<group>";
		};
		E4C066A421C24C3900168568 /* Products */ = {
			isa = PBXGroup;
			children = (
				E4C066A321C24C3900168568 /* RxDemo.app */,
			);
			name = Products;
			sourceTree = "<group>";
		};
		E4C066A521C24C3900168568 /* RxDemo */ = {
			isa = PBXGroup;
			children = (
				E4C066A621C24C3900168568 /* AppDelegate.swift */,
				E4C066A821C24C3900168568 /* ViewController.swift */,
				E4C066B821C24CCA00168568 /* RxPlayer */,
				E4C066AA21C24C3900168568 /* Main.storyboard */,
				E4C066AD21C24C3A00168568 /* Assets.xcassets */,
				E4C066AF21C24C3A00168568 /* LaunchScreen.storyboard */,
				E4C066B221C24C3A00168568 /* Info.plist */,
			);
			path = RxDemo;
			sourceTree = "<group>";
		};
		E4C066B821C24CCA00168568 /* RxPlayer */ = {
			isa = PBXGroup;
			children = (
				E4C066B921C24CEC00168568 /* Music.swift */,
				E4C066BB21C24E1500168568 /* MusicViewController.swift */,
				E4C066BD21C28C2500168568 /* ObservableTestViewController.swift */,
				E4C066BF21C348C900168568 /* ObserverTestViewController.swift */,
				E4C066C621C37EB500168568 /* CustomObserverViewController.swift */,
				E4C066D321C38ED700168568 /* SubjectsTestViewController.swift */,
			);
			path = RxPlayer;
			sourceTree = "<group>";
		};
/* End PBXGroup section */

/* Begin PBXNativeTarget section */
		E4C066A221C24C3900168568 /* RxDemo */ = {
			isa = PBXNativeTarget;
			buildConfigurationList = E4C066B521C24C3A00168568 /* Build configuration list for PBXNativeTarget "RxDemo" */;
			buildPhases = (
				E07E57C12E7B592A8A41D704 /* [CP] Check Pods Manifest.lock */,
				E4C0669F21C24C3900168568 /* Sources */,
				E4C066A021C24C3900168568 /* Frameworks */,
				E4C066A121C24C3900168568 /* Resources */,
				CD7CBAA1232792BCCC3103D6 /* [CP] Embed Pods Frameworks */,
			);
			buildRules = (
			);
			dependencies = (
			);
			name = RxDemo;
			productName = RxDemo;
			productReference = E4C066A321C24C3900168568 /* RxDemo.app */;
			productType = "com.apple.product-type.application";
		};
/* End PBXNativeTarget section */

/* Begin PBXProject section */
		E4C0669B21C24C3900168568 /* Project object */ = {
			isa = PBXProject;
			attributes = {
				LastSwiftUpdateCheck = 1010;
				LastUpgradeCheck = 1010;
				ORGANIZATIONNAME = Quinn;
				TargetAttributes = {
					E4C066A221C24C3900168568 = {
						CreatedOnToolsVersion = 10.1;
					};
				};
			};
			buildConfigurationList = E4C0669E21C24C3900168568 /* Build configuration list for PBXProject "RxDemo" */;
			compatibilityVersion = "Xcode 9.3";
			developmentRegion = en;
			hasScannedForEncodings = 0;
			knownRegions = (
				en,
				Base,
			);
			mainGroup = E4C0669A21C24C3900168568;
			productRefGroup = E4C066A421C24C3900168568 /* Products */;
			projectDirPath = "";
			projectRoot = "";
			targets = (
				E4C066A221C24C3900168568 /* RxDemo */,
			);
		};
/* End PBXProject section */

/* Begin PBXResourcesBuildPhase section */
		E4C066A121C24C3900168568 /* Resources */ = {
			isa = PBXResourcesBuildPhase;
			buildActionMask = 2147483647;
			files = (
				E4C066B121C24C3A00168568 /* LaunchScreen.storyboard in Resources */,
				E4C066AE21C24C3A00168568 /* Assets.xcassets in Resources */,
				E4C066AC21C24C3900168568 /* Main.storyboard in Resources */,
			);
			runOnlyForDeploymentPostprocessing = 0;
		};
/* End PBXResourcesBuildPhase section */

/* Begin PBXShellScriptBuildPhase section */
		CD7CBAA1232792BCCC3103D6 /* [CP] Embed Pods Frameworks */ = {
			isa = PBXShellScriptBuildPhase;
			buildActionMask = 2147483647;
			files = (
			);
			inputFileListPaths = (
			);
			inputPaths = (
				"${SRCROOT}/Pods/Target Support Files/Pods-RxDemo/Pods-RxDemo-frameworks.sh",
				"${BUILT_PRODUCTS_DIR}/RxAtomic/RxAtomic.framework",
				"${BUILT_PRODUCTS_DIR}/RxCocoa/RxCocoa.framework",
				"${BUILT_PRODUCTS_DIR}/RxSwift/RxSwift.framework",
			);
			name = "[CP] Embed Pods Frameworks";
			outputFileListPaths = (
			);
			outputPaths = (
				"${TARGET_BUILD_DIR}/${FRAMEWORKS_FOLDER_PATH}/RxAtomic.framework",
				"${TARGET_BUILD_DIR}/${FRAMEWORKS_FOLDER_PATH}/RxCocoa.framework",
				"${TARGET_BUILD_DIR}/${FRAMEWORKS_FOLDER_PATH}/RxSwift.framework",
			);
			runOnlyForDeploymentPostprocessing = 0;
			shellPath = /bin/sh;
			shellScript = "\"${SRCROOT}/Pods/Target Support Files/Pods-RxDemo/Pods-RxDemo-frameworks.sh\"\n";
			showEnvVarsInLog = 0;
		};
		E07E57C12E7B592A8A41D704 /* [CP] Check Pods Manifest.lock */ = {
			isa = PBXShellScriptBuildPhase;
			buildActionMask = 2147483647;
			files = (
			);
			inputFileListPaths = (
			);
			inputPaths = (
				"${PODS_PODFILE_DIR_PATH}/Podfile.lock",
				"${PODS_ROOT}/Manifest.lock",
			);
			name = "[CP] Check Pods Manifest.lock";
			outputFileListPaths = (
			);
			outputPaths = (
				"$(DERIVED_FILE_DIR)/Pods-RxDemo-checkManifestLockResult.txt",
			);
			runOnlyForDeploymentPostprocessing = 0;
			shellPath = /bin/sh;
			shellScript = "diff \"${PODS_PODFILE_DIR_PATH}/Podfile.lock\" \"${PODS_ROOT}/Manifest.lock\" > /dev/null\nif [ $? != 0 ] ; then\n    # print error to STDERR\n    echo \"error: The sandbox is not in sync with the Podfile.lock. Run 'pod install' or update your CocoaPods installation.\" >&2\n    exit 1\nfi\n# This output is used by Xcode 'outputs' to avoid re-running this script phase.\necho \"SUCCESS\" > \"${SCRIPT_OUTPUT_FILE_0}\"\n";
			showEnvVarsInLog = 0;
		};
/* End PBXShellScriptBuildPhase section */

/* Begin PBXSourcesBuildPhase section */
		E4C0669F21C24C3900168568 /* Sources */ = {
			isa = PBXSourcesBuildPhase;
			buildActionMask = 2147483647;
			files = (
				E4C066C021C348C900168568 /* ObserverTestViewController.swift in Sources */,
				E4C066C721C37EB500168568 /* CustomObserverViewController.swift in Sources */,
				E4C066D421C38ED700168568 /* SubjectsTestViewController.swift in Sources */,
				E4C066BC21C24E1500168568 /* MusicViewController.swift in Sources */,
				E4C066A921C24C3900168568 /* ViewController.swift in Sources */,
				E4C066A721C24C3900168568 /* AppDelegate.swift in Sources */,
				E4C066BA21C24CEC00168568 /* Music.swift in Sources */,
				E4C066BE21C28C2500168568 /* ObservableTestViewController.swift in Sources */,
			);
			runOnlyForDeploymentPostprocessing = 0;
		};
/* End PBXSourcesBuildPhase section */

/* Begin PBXVariantGroup section */
		E4C066AA21C24C3900168568 /* Main.storyboard */ = {
			isa = PBXVariantGroup;
			children = (
				E4C066AB21C24C3900168568 /* Base */,
			);
			name = Main.storyboard;
			sourceTree = "<group>";
		};
		E4C066AF21C24C3A00168568 /* LaunchScreen.storyboard */ = {
			isa = PBXVariantGroup;
			children = (
				E4C066B021C24C3A00168568 /* Base */,
			);
			name = LaunchScreen.storyboard;
			sourceTree = "<group>";
		};
/* End PBXVariantGroup section */

/* Begin XCBuildConfiguration section */
		E4C066B321C24C3A00168568 /* Debug */ = {
			isa = XCBuildConfiguration;
			buildSettings = {
				ALWAYS_SEARCH_USER_PATHS = NO;
				CLANG_ANALYZER_NONNULL = YES;
				CLANG_ANALYZER_NUMBER_OBJECT_CONVERSION = YES_AGGRESSIVE;
				CLANG_CXX_LANGUAGE_STANDARD = "gnu++14";
				CLANG_CXX_LIBRARY = "libc++";
				CLANG_ENABLE_MODULES = YES;
				CLANG_ENABLE_OBJC_ARC = YES;
				CLANG_ENABLE_OBJC_WEAK = YES;
				CLANG_WARN_BLOCK_CAPTURE_AUTORELEASING = YES;
				CLANG_WARN_BOOL_CONVERSION = YES;
				CLANG_WARN_COMMA = YES;
				CLANG_WARN_CONSTANT_CONVERSION = YES;
				CLANG_WARN_DEPRECATED_OBJC_IMPLEMENTATIONS = YES;
				CLANG_WARN_DIRECT_OBJC_ISA_USAGE = YES_ERROR;
				CLANG_WARN_DOCUMENTATION_COMMENTS = YES;
				CLANG_WARN_EMPTY_BODY = YES;
				CLANG_WARN_ENUM_CONVERSION = YES;
				CLANG_WARN_INFINITE_RECURSION = YES;
				CLANG_WARN_INT_CONVERSION = YES;
				CLANG_WARN_NON_LITERAL_NULL_CONVERSION = YES;
				CLANG_WARN_OBJC_IMPLICIT_RETAIN_SELF = YES;
				CLANG_WARN_OBJC_LITERAL_CONVERSION = YES;
				CLANG_WARN_OBJC_ROOT_CLASS = YES_ERROR;
				CLANG_WARN_RANGE_LOOP_ANALYSIS = YES;
				CLANG_WARN_STRICT_PROTOTYPES = YES;
				CLANG_WARN_SUSPICIOUS_MOVE = YES;
				CLANG_WARN_UNGUARDED_AVAILABILITY = YES_AGGRESSIVE;
				CLANG_WARN_UNREACHABLE_CODE = YES;
				CLANG_WARN__DUPLICATE_METHOD_MATCH = YES;
				CODE_SIGN_IDENTITY = "iPhone Developer";
				COPY_PHASE_STRIP = NO;
				DEBUG_INFORMATION_FORMAT = dwarf;
				ENABLE_STRICT_OBJC_MSGSEND = YES;
				ENABLE_TESTABILITY = YES;
				GCC_C_LANGUAGE_STANDARD = gnu11;
				GCC_DYNAMIC_NO_PIC = NO;
				GCC_NO_COMMON_BLOCKS = YES;
				GCC_OPTIMIZATION_LEVEL = 0;
				GCC_PREPROCESSOR_DEFINITIONS = (
					"DEBUG=1",
					"$(inherited)",
				);
				GCC_WARN_64_TO_32_BIT_CONVERSION = YES;
				GCC_WARN_ABOUT_RETURN_TYPE = YES_ERROR;
				GCC_WARN_UNDECLARED_SELECTOR = YES;
				GCC_WARN_UNINITIALIZED_AUTOS = YES_AGGRESSIVE;
				GCC_WARN_UNUSED_FUNCTION = YES;
				GCC_WARN_UNUSED_VARIABLE = YES;
				IPHONEOS_DEPLOYMENT_TARGET = 12.1;
				MTL_ENABLE_DEBUG_INFO = INCLUDE_SOURCE;
				MTL_FAST_MATH = YES;
				ONLY_ACTIVE_ARCH = YES;
				SDKROOT = iphoneos;
				SWIFT_ACTIVE_COMPILATION_CONDITIONS = DEBUG;
				SWIFT_OPTIMIZATION_LEVEL = "-Onone";
			};
			name = Debug;
		};
		E4C066B421C24C3A00168568 /* Release */ = {
			isa = XCBuildConfiguration;
			buildSettings = {
				ALWAYS_SEARCH_USER_PATHS = NO;
				CLANG_ANALYZER_NONNULL = YES;
				CLANG_ANALYZER_NUMBER_OBJECT_CONVERSION = YES_AGGRESSIVE;
				CLANG_CXX_LANGUAGE_STANDARD = "gnu++14";
				CLANG_CXX_LIBRARY = "libc++";
				CLANG_ENABLE_MODULES = YES;
				CLANG_ENABLE_OBJC_ARC = YES;
				CLANG_ENABLE_OBJC_WEAK = YES;
				CLANG_WARN_BLOCK_CAPTURE_AUTORELEASING = YES;
				CLANG_WARN_BOOL_CONVERSION = YES;
				CLANG_WARN_COMMA = YES;
				CLANG_WARN_CONSTANT_CONVERSION = YES;
				CLANG_WARN_DEPRECATED_OBJC_IMPLEMENTATIONS = YES;
				CLANG_WARN_DIRECT_OBJC_ISA_USAGE = YES_ERROR;
				CLANG_WARN_DOCUMENTATION_COMMENTS = YES;
				CLANG_WARN_EMPTY_BODY = YES;
				CLANG_WARN_ENUM_CONVERSION = YES;
				CLANG_WARN_INFINITE_RECURSION = YES;
				CLANG_WARN_INT_CONVERSION = YES;
				CLANG_WARN_NON_LITERAL_NULL_CONVERSION = YES;
				CLANG_WARN_OBJC_IMPLICIT_RETAIN_SELF = YES;
				CLANG_WARN_OBJC_LITERAL_CONVERSION = YES;
				CLANG_WARN_OBJC_ROOT_CLASS = YES_ERROR;
				CLANG_WARN_RANGE_LOOP_ANALYSIS = YES;
				CLANG_WARN_STRICT_PROTOTYPES = YES;
				CLANG_WARN_SUSPICIOUS_MOVE = YES;
				CLANG_WARN_UNGUARDED_AVAILABILITY = YES_AGGRESSIVE;
				CLANG_WARN_UNREACHABLE_CODE = YES;
				CLANG_WARN__DUPLICATE_METHOD_MATCH = YES;
				CODE_SIGN_IDENTITY = "iPhone Developer";
				COPY_PHASE_STRIP = NO;
				DEBUG_INFORMATION_FORMAT = "dwarf-with-dsym";
				ENABLE_NS_ASSERTIONS = NO;
				ENABLE_STRICT_OBJC_MSGSEND = YES;
				GCC_C_LANGUAGE_STANDARD = gnu11;
				GCC_NO_COMMON_BLOCKS = YES;
				GCC_WARN_64_TO_32_BIT_CONVERSION = YES;
				GCC_WARN_ABOUT_RETURN_TYPE = YES_ERROR;
				GCC_WARN_UNDECLARED_SELECTOR = YES;
				GCC_WARN_UNINITIALIZED_AUTOS = YES_AGGRESSIVE;
				GCC_WARN_UNUSED_FUNCTION = YES;
				GCC_WARN_UNUSED_VARIABLE = YES;
				IPHONEOS_DEPLOYMENT_TARGET = 12.1;
				MTL_ENABLE_DEBUG_INFO = NO;
				MTL_FAST_MATH = YES;
				SDKROOT = iphoneos;
				SWIFT_COMPILATION_MODE = wholemodule;
				SWIFT_OPTIMIZATION_LEVEL = "-O";
				VALIDATE_PRODUCT = YES;
			};
			name = Release;
		};
		E4C066B621C24C3A00168568 /* Debug */ = {
			isa = XCBuildConfiguration;
			baseConfigurationReference = 3C1E6F41AD021F0B9262E378 /* Pods-RxDemo.debug.xcconfig */;
			buildSettings = {
				ASSETCATALOG_COMPILER_APPICON_NAME = AppIcon;
				CODE_SIGN_STYLE = Automatic;
				DEVELOPMENT_TEAM = YL49D2HU6K;
				INFOPLIST_FILE = RxDemo/Info.plist;
				LD_RUNPATH_SEARCH_PATHS = (
					"$(inherited)",
					"@executable_path/Frameworks",
				);
				PRODUCT_BUNDLE_IDENTIFIER = com.quinn.image.RxDemo;
				PRODUCT_NAME = "$(TARGET_NAME)";
				SWIFT_VERSION = 4.2;
				TARGETED_DEVICE_FAMILY = "1,2";
			};
			name = Debug;
		};
		E4C066B721C24C3A00168568 /* Release */ = {
			isa = XCBuildConfiguration;
			baseConfigurationReference = B7C7DCA95F5235CA8C28DEC4 /* Pods-RxDemo.release.xcconfig */;
			buildSettings = {
				ASSETCATALOG_COMPILER_APPICON_NAME = AppIcon;
				CODE_SIGN_STYLE = Automatic;
				DEVELOPMENT_TEAM = YL49D2HU6K;
				INFOPLIST_FILE = RxDemo/Info.plist;
				LD_RUNPATH_SEARCH_PATHS = (
					"$(inherited)",
					"@executable_path/Frameworks",
				);
				PRODUCT_BUNDLE_IDENTIFIER = com.quinn.image.RxDemo;
				PRODUCT_NAME = "$(TARGET_NAME)";
				SWIFT_VERSION = 4.2;
				TARGETED_DEVICE_FAMILY = "1,2";
			};
			name = Release;
		};
/* End XCBuildConfiguration section */

/* Begin XCConfigurationList section */
		E4C0669E21C24C3900168568 /* Build configuration list for PBXProject "RxDemo" */ = {
			isa = XCConfigurationList;
			buildConfigurations = (
				E4C066B321C24C3A00168568 /* Debug */,
				E4C066B421C24C3A00168568 /* Release */,
			);
			defaultConfigurationIsVisible = 0;
			defaultConfigurationName = Release;
		};
		E4C066B521C24C3A00168568 /* Build configuration list for PBXNativeTarget "RxDemo" */ = {
			isa = XCConfigurationList;
			buildConfigurations = (
				E4C066B621C24C3A00168568 /* Debug */,
				E4C066B721C24C3A00168568 /* Release */,
			);
			defaultConfigurationIsVisible = 0;
			defaultConfigurationName = Release;
		};
/* End XCConfigurationList section */
	};
	rootObject = E4C0669B21C24C3900168568 /* Project object */;
}
